{
  "name": "dcl-project",
  "version": "1.0.0",
  "lockfileVersion": 1,
  "requires": true,
  "dependencies": {
    "commander": {
      "version": "2.20.3",
      "resolved": "https://npm.eordano.com:443/commander/-/commander-2.20.3.tgz",
      "integrity": "sha512-GpVkmM8vF2vQUkj2LvZmD35JxeJOLCwJ9cUkugyk2nuhbv3+mJvpLYYt+0+USMxE+oj+ey/lJEnhZw75x/OMcQ==",
      "dev": true
    },
    "decentraland-ecs": {
      "version": "6.4.8-20200424170542.commit-a8ea85f",
      "resolved": "https://npm.eordano.com:443/decentraland-ecs/-/decentraland-ecs-6.4.8-20200424170542.commit-a8ea85f.tgz",
      "integrity": "sha512-GICZaMufnenJWsTSavzP81i1qJrqLzQgEtXj5df9wEtE6r7dWuyOAQHgOXKORMkQhL3CZV//9HjGLQ2jZruDfQ==",
      "dev": true,
      "requires": {
        "typescript": "^3.8.3",
        "uglify-js": "^3.5.2"
      }
    },
    "typescript": {
      "version": "3.8.3",
      "resolved": "https://npm.eordano.com:443/typescript/-/typescript-3.8.3.tgz",
      "integrity": "sha512-MYlEfn5VrLNsgudQTVJeNaQFUAI7DkhnOjdpAp4T+ku1TfQClewlbSuTVHiA+8skNBgaf02TL/kLOvig4y3G8w==",
      "dev": true
    },
    "uglify-js": {
      "version": "3.9.1",
      "resolved": "https://npm.eordano.com:443/uglify-js/-/uglify-js-3.9.1.tgz",
      "integrity": "sha512-JUPoL1jHsc9fOjVFHdQIhqEEJsQvfKDjlubcCilu8U26uZ73qOg8VsN8O1jbuei44ZPlwL7kmbAdM4tzaUvqnA==",
      "dev": true,
      "requires": {
        "commander": "~2.20.3"
      }
    }
  }
}
